
Microsoft Visual Studio Solution File, Format Version 12.00
# Visual Studio Version 16
VisualStudioVersion = 16.0.33927.289
MinimumVisualStudioVersion = 10.0.40219.1
Project("{FAE04EC0-301F-11D3-BF4B-00C04F79EFBC}") = "ReWrite.API", "ReWrite.API\ReWrite.API.csproj", "{A86D1D4A-2B71-4AF3-B5B4-C7CA5728B125}"
EndProject
Project("{FAE04EC0-301F-11D3-BF4B-00C04F79EFBC}") = "ReWrite.UI", "ReWrite.UI\ReWrite.UI.csproj", "{87E7602A-DF38-435F-9DFD-EC918CC619C7}"
EndProject
Global
	GlobalSection(SolutionConfigurationPlatforms) = preSolution
		Debug|Any CPU = Debug|Any CPU
		Release|Any CPU = Release|Any CPU
	EndGlobalSection
	GlobalSection(ProjectConfigurationPlatforms) = postSolution
		{A86D1D4A-2B71-4AF3-B5B4-C7CA5728B125}.Debug|Any CPU.ActiveCfg = Debug|Any CPU
		{A86D1D4A-2B71-4AF3-B5B4-C7CA5728B125}.Debug|Any CPU.Build.0 = Debug|Any CPU
		{A86D1D4A-2B71-4AF3-B5B4-C7CA5728B125}.Release|Any CPU.ActiveCfg = Release|Any CPU
		{A86D1D4A-2B71-4AF3-B5B4-C7CA5728B125}.Release|Any CPU.Build.0 = Release|Any CPU
		{87E7602A-DF38-435F-9DFD-EC918CC619C7}.Debug|Any CPU.ActiveCfg = Debug|Any CPU
		{87E7602A-DF38-435F-9DFD-EC918CC619C7}.Debug|Any CPU.Build.0 = Debug|Any CPU
		{87E7602A-DF38-435F-9DFD-EC918CC619C7}.Release|Any CPU.ActiveCfg = Release|Any CPU
		{87E7602A-DF38-435F-9DFD-EC918CC619C7}.Release|Any CPU.Build.0 = Release|Any CPU
	EndGlobalSection
	GlobalSection(SolutionProperties) = preSolution
		HideSolutionNode = FALSE
	EndGlobalSection
	GlobalSection(ExtensibilityGlobals) = postSolution
		SolutionGuid = {A84477B1-AB01-46B8-B24D-252E03974339}
	EndGlobalSection
EndGlobal
